
Microsoft Visual Studio Solution File, Format Version 12.00
# Visual Studio Version 17
VisualStudioVersion = 17.1.32407.343
MinimumVisualStudioVersion = 10.0.40219.1
Project("{FAE04EC0-301F-11D3-BF4B-00C04F79EFBC}") = "StringsExerciseV2", "StringsExerciseV2.csproj", "{9E963619-D3BC-4F37-A3C6-31C0FD0DF3DD}"
EndProject
Global
	GlobalSection(SolutionConfigurationPlatforms) = preSolution
		Debug|Any CPU = Debug|Any CPU
		Release|Any CPU = Release|Any CPU
	EndGlobalSection
	GlobalSection(ProjectConfigurationPlatforms) = postSolution
		{9E963619-D3BC-4F37-A3C6-31C0FD0DF3DD}.Debug|Any CPU.ActiveCfg = Debug|Any CPU
		{9E963619-D3BC-4F37-A3C6-31C0FD0DF3DD}.Debug|Any CPU.Build.0 = Debug|Any CPU
		{9E963619-D3BC-4F37-A3C6-31C0FD0DF3DD}.Release|Any CPU.ActiveCfg = Release|Any CPU
		{9E963619-D3BC-4F37-A3C6-31C0FD0DF3DD}.Release|Any CPU.Build.0 = Release|Any CPU
	EndGlobalSection
	GlobalSection(SolutionProperties) = preSolution
		HideSolutionNode = FALSE
	EndGlobalSection
	GlobalSection(ExtensibilityGlobals) = postSolution
		SolutionGuid = {4BD75F2D-8E58-41F9-8A00-15D8486969E3}
	EndGlobalSection
EndGlobal
